schema: '2.0'
stages:
  prepare:
    cmd: echo "Verificando que los datos existen..."
    deps:
    - path: data/iris_dataset.csv
      hash: md5
      md5: ae244df326bd230685a3e47e0521ad56
      size: 2795
  train:
    cmd: python src/iris/train.py --n_estimators 300
    deps:
    - path: data/iris_dataset.csv
      hash: md5
      md5: ae244df326bd230685a3e47e0521ad56
      size: 2795
      isexec: true
    - path: requirements.txt
      hash: md5
      md5: 9c1bbec62ea4bd4c4129c5b93fa8c3fb
      size: 222
      isexec: true
    - path: src/iris/train.py
      hash: md5
      md5: 17e019fde9eba3c2ef462bb44ab0d9d0
      size: 2783
      isexec: true
    params:
      params.yaml:
        train.n_estimators: 300
    outs:
    - path: confusion_matrix.png
      hash: md5
      md5: 6b60824643e1d31907eff1a4a0dc0429
      size: 20819
      isexec: true
    - path: mlflow_metrics.json
      hash: md5
      md5: c23a4b845cfcb729bc77225aaa6b5134
      size: 32
      isexec: true
    - path: model.pkl
      hash: md5
      md5: 6cd9bebfaee0bb923e19d9c0a11ca878
      size: 530177
      isexec: true
  prepare_telco:
    cmd: echo "Verificando que el dataset Telco existe..."
    deps:
    - path: data/telco_churn.csv
      hash: md5
      md5: 0f9de68e012bd3aed5fa7cdc9fc421af
      size: 977501
  train_telco:
    cmd: python src/telco_xai/train_telco.py
    deps:
    - path: data/telco_churn.csv
      hash: md5
      md5: 0f9de68e012bd3aed5fa7cdc9fc421af
      size: 977501
      isexec: true
    - path: requirements.txt
      hash: md5
      md5: 9c1bbec62ea4bd4c4129c5b93fa8c3fb
      size: 222
      isexec: true
    - path: src/telco_xai/train_telco.py
      hash: md5
      md5: bbc1a67dce3c5cac24d72489ba7c06ac
      size: 10033
      isexec: true
    outs:
    - path: model_telco.pkl
      hash: md5
      md5: 1055c9a42f2ff76c9214081df6db5419
      size: 16394415
      isexec: true
    - path: telco_metrics.json
      hash: md5
      md5: 2b6337ae9f491cfc850b9012446e91cd
      size: 239
      isexec: true
