schema: '2.0'
stages:
  prepare:
    cmd: echo "Verificando que los datos existen..."
    deps:
    - path: data/iris_dataset.csv
      hash: md5
      md5: ae244df326bd230685a3e47e0521ad56
      size: 2795
  train:
    cmd: python train.py --n_estimators 300
    deps:
    - path: data/iris_dataset.csv
      hash: md5
      md5: ae244df326bd230685a3e47e0521ad56
      size: 2795
      isexec: true
    - path: requirements.txt
      hash: md5
      md5: b27055265798b4992ef85d1cdd4fe56a
      size: 205
      isexec: true
    - path: train.py
      hash: md5
      md5: 17e019fde9eba3c2ef462bb44ab0d9d0
      size: 2783
      isexec: true
    params:
      params.yaml:
        train.n_estimators: 300
    outs:
    - path: confusion_matrix.png
      hash: md5
      md5: 6b60824643e1d31907eff1a4a0dc0429
      size: 20819
      isexec: true
    - path: mlflow_metrics.json
      hash: md5
      md5: c23a4b845cfcb729bc77225aaa6b5134
      size: 32
      isexec: true
    - path: model.pkl
      hash: md5
      md5: eaae2104d13ec7ff1298b1b9e6a42e02
      size: 530177
      isexec: true
  prepare_telco:
    cmd: echo "Verificando que el dataset Telco existe..."
    deps:
    - path: data/telco_churn.csv
      hash: md5
      md5: 0f9de68e012bd3aed5fa7cdc9fc421af
      size: 977501
  train_telco:
    cmd: python train_telco.py
    deps:
    - path: data/telco_churn.csv
      hash: md5
      md5: 0f9de68e012bd3aed5fa7cdc9fc421af
      size: 977501
      isexec: true
    - path: requirements.txt
      hash: md5
      md5: b27055265798b4992ef85d1cdd4fe56a
      size: 205
      isexec: true
    - path: train_telco.py
      hash: md5
      md5: 32f3bc1f25f535a3f73fc16f0def1c9f
      size: 6463
      isexec: true
    outs:
    - path: model_telco.pkl
      hash: md5
      md5: b0db98ce16085a68f0be016e0d63313c
      size: 16220975
      isexec: true
    - path: telco_metrics.json
      hash: md5
      md5: 685dc8491d776b18f53a7a35be27f519
      size: 63
      isexec: true
